{
  "name": "visual",
  "version": "1.0.0",
  "lockfileVersion": 1,
  "requires": true,
  "dependencies": {
    "@types/nouislider": {
      "version": "9.0.4",
      "resolved": "https://registry.npmjs.org/@types/nouislider/-/nouislider-9.0.4.tgz",
      "integrity": "sha512-ilaxERkAK7mRkkv0RLb1jZ5Gn0BsXk+jfWXjCk5DuV84AxArhPOq12XJ0eUa6TLTHSmegrfs8Rj4ZAs2hOyT3w==",
      "requires": {
        "@types/wnumb": "*"
      }
    },
    "@types/wnumb": {
      "version": "1.0.28",
      "resolved": "https://registry.npmjs.org/@types/wnumb/-/wnumb-1.0.28.tgz",
      "integrity": "sha512-9B1E/Sdj07fmeqp54NDJ88qbbGECmI2eEc07MkF4A+4PwzjdCuKaSyxzDl4cATdMcJ1Z3be//vnWXFzeZkKWbg=="
    },
    "nouislider": {
      "version": "12.1.0",
      "resolved": "https://registry.npmjs.org/nouislider/-/nouislider-12.1.0.tgz",
      "integrity": "sha512-SAOabF6hBm8201c6LDbkVOVhgwY49+/ms72ZLUF2qkN5RCf7FfUvEh/hGZ7XcwZHU+I/grlicPmcSk1/rrMnOw=="
    },
    "powerbi-visuals-utils-dataviewutils": {
      "version": "1.2.0",
      "resolved": "https://registry.npmjs.org/powerbi-visuals-utils-dataviewutils/-/powerbi-visuals-utils-dataviewutils-1.2.0.tgz",
      "integrity": "sha1-WaHJgzVclYoj2ZAYlPZfFXUZMhM="
    },
    "wnumb": {
      "version": "1.1.0",
      "resolved": "https://registry.npmjs.org/wnumb/-/wnumb-1.1.0.tgz",
      "integrity": "sha1-/Oy4gFCGm984Tay/1hIyWYDJPdw="
    }
  }
}
